
Microsoft Visual Studio Solution File, Format Version 12.00
# Visual Studio Version 17
VisualStudioVersion = 17.0.31912.275
MinimumVisualStudioVersion = 10.0.40219.1
Project("{9A19103F-16F7-4668-BE54-9A1E7A4F7556}") = "GoveeController", "src\GoveeController\GoveeController.csproj", "{B42B6E2D-2D41-4D80-92B3-ED54CCE43EAE}"
EndProject
Project("{2150E333-8FDC-42A3-9474-1A3956D46DE8}") = "Solution Items", "Solution Items", "{95125358-4772-49AB-9A45-A233B84CA1CE}"
	ProjectSection(SolutionItems) = preProject
		.gitignore = .gitignore
		CHANGELOG.md = CHANGELOG.md
		LICENSE = LICENSE
		package.json = package.json
		README.md = README.md
	EndProjectSection
EndProject
Project("{9A19103F-16F7-4668-BE54-9A1E7A4F7556}") = "SharpDeck", "..\SharpDeck\src\SharpDeck\SharpDeck.csproj", "{A9F0C6EC-5E4F-472F-B6DF-163FC9F64648}"
EndProject
Project("{9A19103F-16F7-4668-BE54-9A1E7A4F7556}") = "SharpDeck.Extensions.Hosting", "..\SharpDeck\src\SharpDeck.Extensions.Hosting\SharpDeck.Extensions.Hosting.csproj", "{C34F9D4C-CA76-41AA-9863-DAF19DA42035}"
EndProject
Project("{2150E333-8FDC-42A3-9474-1A3956D46DE8}") = ".github", ".github", "{CCF68CCC-23A9-4732-920C-7951B2E3FBDD}"
EndProject
Project("{2150E333-8FDC-42A3-9474-1A3956D46DE8}") = "ISSUE_TEMPLATE", "ISSUE_TEMPLATE", "{72888239-36F5-4C1A-BD4F-7D68FA95011C}"
	ProjectSection(SolutionItems) = preProject
		.github\ISSUE_TEMPLATE\bug_report.md = .github\ISSUE_TEMPLATE\bug_report.md
	EndProjectSection
EndProject
Project("{2150E333-8FDC-42A3-9474-1A3956D46DE8}") = "dist", "dist", "{D83BB32C-134E-4BEA-A7B7-69C0C09226B4}"
	ProjectSection(SolutionItems) = preProject
		dist\package.sh = dist\package.sh
	EndProjectSection
EndProject
Global
	GlobalSection(SolutionConfigurationPlatforms) = preSolution
		Debug|Any CPU = Debug|Any CPU
		Release|Any CPU = Release|Any CPU
	EndGlobalSection
	GlobalSection(ProjectConfigurationPlatforms) = postSolution
		{B42B6E2D-2D41-4D80-92B3-ED54CCE43EAE}.Debug|Any CPU.ActiveCfg = Debug|Any CPU
		{B42B6E2D-2D41-4D80-92B3-ED54CCE43EAE}.Debug|Any CPU.Build.0 = Debug|Any CPU
		{B42B6E2D-2D41-4D80-92B3-ED54CCE43EAE}.Release|Any CPU.ActiveCfg = Release|Any CPU
		{B42B6E2D-2D41-4D80-92B3-ED54CCE43EAE}.Release|Any CPU.Build.0 = Release|Any CPU
		{A9F0C6EC-5E4F-472F-B6DF-163FC9F64648}.Debug|Any CPU.ActiveCfg = Debug|Any CPU
		{A9F0C6EC-5E4F-472F-B6DF-163FC9F64648}.Debug|Any CPU.Build.0 = Debug|Any CPU
		{A9F0C6EC-5E4F-472F-B6DF-163FC9F64648}.Release|Any CPU.ActiveCfg = Release|Any CPU
		{A9F0C6EC-5E4F-472F-B6DF-163FC9F64648}.Release|Any CPU.Build.0 = Release|Any CPU
		{C34F9D4C-CA76-41AA-9863-DAF19DA42035}.Debug|Any CPU.ActiveCfg = Debug|Any CPU
		{C34F9D4C-CA76-41AA-9863-DAF19DA42035}.Debug|Any CPU.Build.0 = Debug|Any CPU
		{C34F9D4C-CA76-41AA-9863-DAF19DA42035}.Release|Any CPU.ActiveCfg = Release|Any CPU
		{C34F9D4C-CA76-41AA-9863-DAF19DA42035}.Release|Any CPU.Build.0 = Release|Any CPU
	EndGlobalSection
	GlobalSection(SolutionProperties) = preSolution
		HideSolutionNode = FALSE
	EndGlobalSection
	GlobalSection(NestedProjects) = preSolution
		{CCF68CCC-23A9-4732-920C-7951B2E3FBDD} = {95125358-4772-49AB-9A45-A233B84CA1CE}
		{72888239-36F5-4C1A-BD4F-7D68FA95011C} = {CCF68CCC-23A9-4732-920C-7951B2E3FBDD}
		{D83BB32C-134E-4BEA-A7B7-69C0C09226B4} = {95125358-4772-49AB-9A45-A233B84CA1CE}
	EndGlobalSection
	GlobalSection(ExtensibilityGlobals) = postSolution
		SolutionGuid = {85FBD38C-BE4B-4861-8E5B-79E7F5A91F82}
	EndGlobalSection
EndGlobal
